
Microsoft Visual Studio Solution File, Format Version 12.00
# Visual Studio Version 17
VisualStudioVersion = 17.14.36518.9
MinimumVisualStudioVersion = 10.0.40219.1
Project("{2150E333-8FDC-42A3-9474-1A3956D46DE8}") = "Task0", "Task0", "{02EA681E-C7D8-13C7-8484-4AC65E1B71E8}"
EndProject
Project("{FAE04EC0-301F-11D3-BF4B-00C04F79EFBC}") = "Tyuiu.BatTI.Sprint6.Task0.V9", "Tyuiu.BatTI.Sprint6.Task0.V9\Tyuiu.BatTI.Sprint6.Task0.V9.csproj", "{DA7BC8C1-7F40-473C-9F49-8F5EF4B61298}"
EndProject
Project("{FAE04EC0-301F-11D3-BF4B-00C04F79EFBC}") = "Tyuiu.BatTI.Sprint6.Task0.V9.Lib", "Tyuiu.BatTI.Sprint6.Task0.V9.Lib\Tyuiu.BatTI.Sprint6.Task0.V9.Lib.csproj", "{8CEB811E-1365-4548-B6E4-83962B21DB01}"
EndProject
Project("{FAE04EC0-301F-11D3-BF4B-00C04F79EFBC}") = "Tyuiu.BatTI.Sprint6.Task0.V9.Test", "Tyuiu.BatTI.Sprint6.Task0.V9.Test\Tyuiu.BatTI.Sprint6.Task0.V9.Test.csproj", "{B7219F75-A258-47ED-88D0-E4F85BCDA967}"
EndProject
Project("{2150E333-8FDC-42A3-9474-1A3956D46DE8}") = "Task1", "Task1", "{F071A7D4-84E8-477B-8B90-346FB6B4F77D}"
EndProject
Project("{FAE04EC0-301F-11D3-BF4B-00C04F79EFBC}") = "Tyuiu.BatTI.Sprint6.Task1.V20", "Tyuiu.BatTI.Sprint6.Task1.V20\Tyuiu.BatTI.Sprint6.Task1.V20.csproj", "{843E99A9-4556-4BFB-BB6B-22CF0354711F}"
EndProject
Project("{FAE04EC0-301F-11D3-BF4B-00C04F79EFBC}") = "Tyuiu.BatTI.Sprint6.Task1.V20.Test", "Tyuiu.BatTI.Sprint6.Task1.V20.Test\Tyuiu.BatTI.Sprint6.Task1.V20.Test.csproj", "{716C45DE-21FB-4B7F-839C-3616E84A1369}"
EndProject
Project("{FAE04EC0-301F-11D3-BF4B-00C04F79EFBC}") = "Tyuiu.BatTI.Sprint6.Task1.V20.Lib", "Tyuiu.BatTI.Sprint6.Task1.V20.Lib\Tyuiu.BatTI.Sprint6.Task1.V20.Lib.csproj", "{D615D437-9FF1-4FE0-A576-89F7B329F3F3}"
EndProject
Project("{2150E333-8FDC-42A3-9474-1A3956D46DE8}") = "Task2", "Task2", "{3E19568D-E412-4726-957A-0E30BA88545D}"
EndProject
Project("{FAE04EC0-301F-11D3-BF4B-00C04F79EFBC}") = "Tyuiu.BatTI.Sprint6.Task2.V3", "Tyuiu.BatTI.Sprint6.Task2.V3\Tyuiu.BatTI.Sprint6.Task2.V3.csproj", "{7F958DE2-F2C0-4D73-847F-036BF90F92B5}"
EndProject
Project("{FAE04EC0-301F-11D3-BF4B-00C04F79EFBC}") = "Tyuiu.BatTI.Sprint6.Task2.V3.Test", "Tyuiu.BatTI.Sprint6.Task2.V3.Test\Tyuiu.BatTI.Sprint6.Task2.V3.Test.csproj", "{C57293FB-32A6-4EA4-9EFF-B424CBDFE7F9}"
EndProject
Project("{FAE04EC0-301F-11D3-BF4B-00C04F79EFBC}") = "Tyuiu.BatTI.Sprint6.Task2.V3.Lib", "Tyuiu.BatTI.Sprint6.Task2.V3.Lib\Tyuiu.BatTI.Sprint6.Task2.V3.Lib.csproj", "{6E584F1E-F0DE-4270-9CC4-9032E2EA3EFC}"
EndProject
Project("{2150E333-8FDC-42A3-9474-1A3956D46DE8}") = "Task3", "Task3", "{38D5DABD-FCE6-4F26-B198-5285F000672A}"
EndProject
Project("{FAE04EC0-301F-11D3-BF4B-00C04F79EFBC}") = "Tyuiu.BatTI.Sprint6.Task3.V6", "Tyuiu.BatTI.Sprint6.Task3.V6\Tyuiu.BatTI.Sprint6.Task3.V6.csproj", "{117CB6A7-73B6-4557-9641-BDBBF83662AE}"
EndProject
Project("{FAE04EC0-301F-11D3-BF4B-00C04F79EFBC}") = "Tyuiu.BatTI.Sprint6.Task3.V6.Test", "Tyuiu.BatTI.Sprint6.Task3.V6.Test\Tyuiu.BatTI.Sprint6.Task3.V6.Test.csproj", "{EDE60EEF-060F-447C-B630-3D5CD896BE52}"
EndProject
Project("{FAE04EC0-301F-11D3-BF4B-00C04F79EFBC}") = "Tyuiu.BatTI.Sprint6.Task3.V6.Lib", "Tyuiu.BatTI.Sprint6.Task3.V6.Lib\Tyuiu.BatTI.Sprint6.Task3.V6.Lib.csproj", "{E6472550-F211-4642-8E3B-798135D83EFE}"
EndProject
Project("{2150E333-8FDC-42A3-9474-1A3956D46DE8}") = "Task4", "Task4", "{76CB6EFE-5020-4558-9134-0238C4112C11}"
EndProject
Project("{FAE04EC0-301F-11D3-BF4B-00C04F79EFBC}") = "Tyuiu.BatTI.Sprint6.Task4.V6", "Tyuiu.BatTI.Sprint6.Task4.V6\Tyuiu.BatTI.Sprint6.Task4.V6.csproj", "{46D8F774-592B-434A-8827-5155973A4F7A}"
EndProject
Project("{FAE04EC0-301F-11D3-BF4B-00C04F79EFBC}") = "Tyuiu.BatTI.Sprint6.Task4.V6.Test", "Tyuiu.BatTI.Sprint6.Task4.V6.Test\Tyuiu.BatTI.Sprint6.Task4.V6.Test.csproj", "{25BC1246-D146-4C9D-9B82-F491960D2DE8}"
EndProject
Project("{FAE04EC0-301F-11D3-BF4B-00C04F79EFBC}") = "Tyuiu.BatTI.Sprint6.Task4.V6.Lib", "Tyuiu.BatTI.Sprint6.Task4.V6.Lib\Tyuiu.BatTI.Sprint6.Task4.V6.Lib.csproj", "{212418A6-5CA9-4B9C-BA18-F64EC5B2410B}"
EndProject
Project("{2150E333-8FDC-42A3-9474-1A3956D46DE8}") = "Task5", "Task5", "{AC95FF36-34DC-45F2-97AA-336C2A053FEB}"
EndProject
Project("{FAE04EC0-301F-11D3-BF4B-00C04F79EFBC}") = "Tyuiu.BatTI.Sprint6.Task5.V5", "Tyuiu.BatTI.Sprint6.Task5.V5\Tyuiu.BatTI.Sprint6.Task5.V5.csproj", "{195A122F-B86B-424A-AA1C-DF30B1E06892}"
EndProject
Project("{FAE04EC0-301F-11D3-BF4B-00C04F79EFBC}") = "Tyuiu.BatTI.Sprint6.Task5.V5.Test", "Tyuiu.BatTI.Sprint6.Task5.V5.Test\Tyuiu.BatTI.Sprint6.Task5.V5.Test.csproj", "{B081BD8A-7FBB-4D3D-905D-3AF2E48C8738}"
EndProject
Project("{FAE04EC0-301F-11D3-BF4B-00C04F79EFBC}") = "Tyuiu.BatTI.Sprint6.Task5.V5.Lib", "Tyuiu.BatTI.Sprint6.Task5.V5.Lib\Tyuiu.BatTI.Sprint6.Task5.V5.Lib.csproj", "{BF340C0C-555C-4773-B15E-61288114AD23}"
EndProject
Project("{2150E333-8FDC-42A3-9474-1A3956D46DE8}") = "Task6", "Task6", "{B8BF08B7-580B-40F7-AF5C-BF73159F815B}"
EndProject
Project("{FAE04EC0-301F-11D3-BF4B-00C04F79EFBC}") = "Tyuiu.BatTI.Sprint6.Task6.V28", "Tyuiu.BatTI.Sprint6.Task6.V28\Tyuiu.BatTI.Sprint6.Task6.V28.csproj", "{8AD3E4C8-E63F-44D9-8A86-6E639BB964EA}"
EndProject
Project("{FAE04EC0-301F-11D3-BF4B-00C04F79EFBC}") = "Tyuiu.BatTI.Sprint6.Task6.V28.Test", "Tyuiu.BatTI.Sprint6.Task6.V28.Test\Tyuiu.BatTI.Sprint6.Task6.V28.Test.csproj", "{03D5650C-FA57-4DC5-95E3-56B72E88C4C6}"
EndProject
Project("{FAE04EC0-301F-11D3-BF4B-00C04F79EFBC}") = "Tyuiu.BatTI.Sprint6.Task6.V28.Lib", "Tyuiu.BatTI.Sprint6.Task6.V28.Lib\Tyuiu.BatTI.Sprint6.Task6.V28.Lib.csproj", "{245E002B-4527-4313-9690-6584BA0FE15B}"
EndProject
Global
	GlobalSection(SolutionConfigurationPlatforms) = preSolution
		Debug|Any CPU = Debug|Any CPU
		Release|Any CPU = Release|Any CPU
	EndGlobalSection
	GlobalSection(ProjectConfigurationPlatforms) = postSolution
		{DA7BC8C1-7F40-473C-9F49-8F5EF4B61298}.Debug|Any CPU.ActiveCfg = Debug|Any CPU
		{DA7BC8C1-7F40-473C-9F49-8F5EF4B61298}.Debug|Any CPU.Build.0 = Debug|Any CPU
		{DA7BC8C1-7F40-473C-9F49-8F5EF4B61298}.Release|Any CPU.ActiveCfg = Release|Any CPU
		{DA7BC8C1-7F40-473C-9F49-8F5EF4B61298}.Release|Any CPU.Build.0 = Release|Any CPU
		{8CEB811E-1365-4548-B6E4-83962B21DB01}.Debug|Any CPU.ActiveCfg = Debug|Any CPU
		{8CEB811E-1365-4548-B6E4-83962B21DB01}.Debug|Any CPU.Build.0 = Debug|Any CPU
		{8CEB811E-1365-4548-B6E4-83962B21DB01}.Release|Any CPU.ActiveCfg = Release|Any CPU
		{8CEB811E-1365-4548-B6E4-83962B21DB01}.Release|Any CPU.Build.0 = Release|Any CPU
		{B7219F75-A258-47ED-88D0-E4F85BCDA967}.Debug|Any CPU.ActiveCfg = Debug|Any CPU
		{B7219F75-A258-47ED-88D0-E4F85BCDA967}.Debug|Any CPU.Build.0 = Debug|Any CPU
		{B7219F75-A258-47ED-88D0-E4F85BCDA967}.Release|Any CPU.ActiveCfg = Release|Any CPU
		{B7219F75-A258-47ED-88D0-E4F85BCDA967}.Release|Any CPU.Build.0 = Release|Any CPU
		{843E99A9-4556-4BFB-BB6B-22CF0354711F}.Debug|Any CPU.ActiveCfg = Debug|Any CPU
		{843E99A9-4556-4BFB-BB6B-22CF0354711F}.Debug|Any CPU.Build.0 = Debug|Any CPU
		{843E99A9-4556-4BFB-BB6B-22CF0354711F}.Release|Any CPU.ActiveCfg = Release|Any CPU
		{843E99A9-4556-4BFB-BB6B-22CF0354711F}.Release|Any CPU.Build.0 = Release|Any CPU
		{716C45DE-21FB-4B7F-839C-3616E84A1369}.Debug|Any CPU.ActiveCfg = Debug|Any CPU
		{716C45DE-21FB-4B7F-839C-3616E84A1369}.Debug|Any CPU.Build.0 = Debug|Any CPU
		{716C45DE-21FB-4B7F-839C-3616E84A1369}.Release|Any CPU.ActiveCfg = Release|Any CPU
		{716C45DE-21FB-4B7F-839C-3616E84A1369}.Release|Any CPU.Build.0 = Release|Any CPU
		{D615D437-9FF1-4FE0-A576-89F7B329F3F3}.Debug|Any CPU.ActiveCfg = Debug|Any CPU
		{D615D437-9FF1-4FE0-A576-89F7B329F3F3}.Debug|Any CPU.Build.0 = Debug|Any CPU
		{D615D437-9FF1-4FE0-A576-89F7B329F3F3}.Release|Any CPU.ActiveCfg = Release|Any CPU
		{D615D437-9FF1-4FE0-A576-89F7B329F3F3}.Release|Any CPU.Build.0 = Release|Any CPU
		{7F958DE2-F2C0-4D73-847F-036BF90F92B5}.Debug|Any CPU.ActiveCfg = Debug|Any CPU
		{7F958DE2-F2C0-4D73-847F-036BF90F92B5}.Debug|Any CPU.Build.0 = Debug|Any CPU
		{7F958DE2-F2C0-4D73-847F-036BF90F92B5}.Release|Any CPU.ActiveCfg = Release|Any CPU
		{7F958DE2-F2C0-4D73-847F-036BF90F92B5}.Release|Any CPU.Build.0 = Release|Any CPU
		{C57293FB-32A6-4EA4-9EFF-B424CBDFE7F9}.Debug|Any CPU.ActiveCfg = Debug|Any CPU
		{C57293FB-32A6-4EA4-9EFF-B424CBDFE7F9}.Debug|Any CPU.Build.0 = Debug|Any CPU
		{C57293FB-32A6-4EA4-9EFF-B424CBDFE7F9}.Release|Any CPU.ActiveCfg = Release|Any CPU
		{C57293FB-32A6-4EA4-9EFF-B424CBDFE7F9}.Release|Any CPU.Build.0 = Release|Any CPU
		{6E584F1E-F0DE-4270-9CC4-9032E2EA3EFC}.Debug|Any CPU.ActiveCfg = Debug|Any CPU
		{6E584F1E-F0DE-4270-9CC4-9032E2EA3EFC}.Debug|Any CPU.Build.0 = Debug|Any CPU
		{6E584F1E-F0DE-4270-9CC4-9032E2EA3EFC}.Release|Any CPU.ActiveCfg = Release|Any CPU
		{6E584F1E-F0DE-4270-9CC4-9032E2EA3EFC}.Release|Any CPU.Build.0 = Release|Any CPU
		{117CB6A7-73B6-4557-9641-BDBBF83662AE}.Debug|Any CPU.ActiveCfg = Debug|Any CPU
		{117CB6A7-73B6-4557-9641-BDBBF83662AE}.Debug|Any CPU.Build.0 = Debug|Any CPU
		{117CB6A7-73B6-4557-9641-BDBBF83662AE}.Release|Any CPU.ActiveCfg = Release|Any CPU
		{117CB6A7-73B6-4557-9641-BDBBF83662AE}.Release|Any CPU.Build.0 = Release|Any CPU
		{EDE60EEF-060F-447C-B630-3D5CD896BE52}.Debug|Any CPU.ActiveCfg = Debug|Any CPU
		{EDE60EEF-060F-447C-B630-3D5CD896BE52}.Debug|Any CPU.Build.0 = Debug|Any CPU
		{EDE60EEF-060F-447C-B630-3D5CD896BE52}.Release|Any CPU.ActiveCfg = Release|Any CPU
		{EDE60EEF-060F-447C-B630-3D5CD896BE52}.Release|Any CPU.Build.0 = Release|Any CPU
		{E6472550-F211-4642-8E3B-798135D83EFE}.Debug|Any CPU.ActiveCfg = Debug|Any CPU
		{E6472550-F211-4642-8E3B-798135D83EFE}.Debug|Any CPU.Build.0 = Debug|Any CPU
		{E6472550-F211-4642-8E3B-798135D83EFE}.Release|Any CPU.ActiveCfg = Release|Any CPU
		{E6472550-F211-4642-8E3B-798135D83EFE}.Release|Any CPU.Build.0 = Release|Any CPU
		{46D8F774-592B-434A-8827-5155973A4F7A}.Debug|Any CPU.ActiveCfg = Debug|Any CPU
		{46D8F774-592B-434A-8827-5155973A4F7A}.Debug|Any CPU.Build.0 = Debug|Any CPU
		{46D8F774-592B-434A-8827-5155973A4F7A}.Release|Any CPU.ActiveCfg = Release|Any CPU
		{46D8F774-592B-434A-8827-5155973A4F7A}.Release|Any CPU.Build.0 = Release|Any CPU
		{25BC1246-D146-4C9D-9B82-F491960D2DE8}.Debug|Any CPU.ActiveCfg = Debug|Any CPU
		{25BC1246-D146-4C9D-9B82-F491960D2DE8}.Debug|Any CPU.Build.0 = Debug|Any CPU
		{25BC1246-D146-4C9D-9B82-F491960D2DE8}.Release|Any CPU.ActiveCfg = Release|Any CPU
		{25BC1246-D146-4C9D-9B82-F491960D2DE8}.Release|Any CPU.Build.0 = Release|Any CPU
		{212418A6-5CA9-4B9C-BA18-F64EC5B2410B}.Debug|Any CPU.ActiveCfg = Debug|Any CPU
		{212418A6-5CA9-4B9C-BA18-F64EC5B2410B}.Debug|Any CPU.Build.0 = Debug|Any CPU
		{212418A6-5CA9-4B9C-BA18-F64EC5B2410B}.Release|Any CPU.ActiveCfg = Release|Any CPU
		{212418A6-5CA9-4B9C-BA18-F64EC5B2410B}.Release|Any CPU.Build.0 = Release|Any CPU
		{195A122F-B86B-424A-AA1C-DF30B1E06892}.Debug|Any CPU.ActiveCfg = Debug|Any CPU
		{195A122F-B86B-424A-AA1C-DF30B1E06892}.Debug|Any CPU.Build.0 = Debug|Any CPU
		{195A122F-B86B-424A-AA1C-DF30B1E06892}.Release|Any CPU.ActiveCfg = Release|Any CPU
		{195A122F-B86B-424A-AA1C-DF30B1E06892}.Release|Any CPU.Build.0 = Release|Any CPU
		{B081BD8A-7FBB-4D3D-905D-3AF2E48C8738}.Debug|Any CPU.ActiveCfg = Debug|Any CPU
		{B081BD8A-7FBB-4D3D-905D-3AF2E48C8738}.Debug|Any CPU.Build.0 = Debug|Any CPU
		{B081BD8A-7FBB-4D3D-905D-3AF2E48C8738}.Release|Any CPU.ActiveCfg = Release|Any CPU
		{B081BD8A-7FBB-4D3D-905D-3AF2E48C8738}.Release|Any CPU.Build.0 = Release|Any CPU
		{BF340C0C-555C-4773-B15E-61288114AD23}.Debug|Any CPU.ActiveCfg = Debug|Any CPU
		{BF340C0C-555C-4773-B15E-61288114AD23}.Debug|Any CPU.Build.0 = Debug|Any CPU
		{BF340C0C-555C-4773-B15E-61288114AD23}.Release|Any CPU.ActiveCfg = Release|Any CPU
		{BF340C0C-555C-4773-B15E-61288114AD23}.Release|Any CPU.Build.0 = Release|Any CPU
		{8AD3E4C8-E63F-44D9-8A86-6E639BB964EA}.Debug|Any CPU.ActiveCfg = Debug|Any CPU
		{8AD3E4C8-E63F-44D9-8A86-6E639BB964EA}.Debug|Any CPU.Build.0 = Debug|Any CPU
		{8AD3E4C8-E63F-44D9-8A86-6E639BB964EA}.Release|Any CPU.ActiveCfg = Release|Any CPU
		{8AD3E4C8-E63F-44D9-8A86-6E639BB964EA}.Release|Any CPU.Build.0 = Release|Any CPU
		{03D5650C-FA57-4DC5-95E3-56B72E88C4C6}.Debug|Any CPU.ActiveCfg = Debug|Any CPU
		{03D5650C-FA57-4DC5-95E3-56B72E88C4C6}.Debug|Any CPU.Build.0 = Debug|Any CPU
		{03D5650C-FA57-4DC5-95E3-56B72E88C4C6}.Release|Any CPU.ActiveCfg = Release|Any CPU
		{03D5650C-FA57-4DC5-95E3-56B72E88C4C6}.Release|Any CPU.Build.0 = Release|Any CPU
		{245E002B-4527-4313-9690-6584BA0FE15B}.Debug|Any CPU.ActiveCfg = Debug|Any CPU
		{245E002B-4527-4313-9690-6584BA0FE15B}.Debug|Any CPU.Build.0 = Debug|Any CPU
		{245E002B-4527-4313-9690-6584BA0FE15B}.Release|Any CPU.ActiveCfg = Release|Any CPU
		{245E002B-4527-4313-9690-6584BA0FE15B}.Release|Any CPU.Build.0 = Release|Any CPU
	EndGlobalSection
	GlobalSection(SolutionProperties) = preSolution
		HideSolutionNode = FALSE
	EndGlobalSection
	GlobalSection(NestedProjects) = preSolution
		{DA7BC8C1-7F40-473C-9F49-8F5EF4B61298} = {02EA681E-C7D8-13C7-8484-4AC65E1B71E8}
		{8CEB811E-1365-4548-B6E4-83962B21DB01} = {02EA681E-C7D8-13C7-8484-4AC65E1B71E8}
		{B7219F75-A258-47ED-88D0-E4F85BCDA967} = {02EA681E-C7D8-13C7-8484-4AC65E1B71E8}
		{843E99A9-4556-4BFB-BB6B-22CF0354711F} = {F071A7D4-84E8-477B-8B90-346FB6B4F77D}
		{716C45DE-21FB-4B7F-839C-3616E84A1369} = {F071A7D4-84E8-477B-8B90-346FB6B4F77D}
		{D615D437-9FF1-4FE0-A576-89F7B329F3F3} = {F071A7D4-84E8-477B-8B90-346FB6B4F77D}
		{7F958DE2-F2C0-4D73-847F-036BF90F92B5} = {3E19568D-E412-4726-957A-0E30BA88545D}
		{C57293FB-32A6-4EA4-9EFF-B424CBDFE7F9} = {3E19568D-E412-4726-957A-0E30BA88545D}
		{6E584F1E-F0DE-4270-9CC4-9032E2EA3EFC} = {3E19568D-E412-4726-957A-0E30BA88545D}
		{117CB6A7-73B6-4557-9641-BDBBF83662AE} = {38D5DABD-FCE6-4F26-B198-5285F000672A}
		{EDE60EEF-060F-447C-B630-3D5CD896BE52} = {38D5DABD-FCE6-4F26-B198-5285F000672A}
		{E6472550-F211-4642-8E3B-798135D83EFE} = {38D5DABD-FCE6-4F26-B198-5285F000672A}
		{46D8F774-592B-434A-8827-5155973A4F7A} = {76CB6EFE-5020-4558-9134-0238C4112C11}
		{25BC1246-D146-4C9D-9B82-F491960D2DE8} = {76CB6EFE-5020-4558-9134-0238C4112C11}
		{212418A6-5CA9-4B9C-BA18-F64EC5B2410B} = {76CB6EFE-5020-4558-9134-0238C4112C11}
		{195A122F-B86B-424A-AA1C-DF30B1E06892} = {AC95FF36-34DC-45F2-97AA-336C2A053FEB}
		{B081BD8A-7FBB-4D3D-905D-3AF2E48C8738} = {AC95FF36-34DC-45F2-97AA-336C2A053FEB}
		{BF340C0C-555C-4773-B15E-61288114AD23} = {AC95FF36-34DC-45F2-97AA-336C2A053FEB}
		{8AD3E4C8-E63F-44D9-8A86-6E639BB964EA} = {B8BF08B7-580B-40F7-AF5C-BF73159F815B}
		{03D5650C-FA57-4DC5-95E3-56B72E88C4C6} = {B8BF08B7-580B-40F7-AF5C-BF73159F815B}
		{245E002B-4527-4313-9690-6584BA0FE15B} = {B8BF08B7-580B-40F7-AF5C-BF73159F815B}
	EndGlobalSection
	GlobalSection(ExtensibilityGlobals) = postSolution
		SolutionGuid = {CF4ECCD5-A5BA-493E-BBFF-D32E4370DAAF}
	EndGlobalSection
EndGlobal
